github.com/KIVUOS1999/easyApi v0.0.0-20241231112143-eb3868488539 h1:RX1kRfMq5k6NkdUONZ3KSslyPzk4UlPLuHU6nDPrmCc=
github.com/KIVUOS1999/easyApi v0.0.0-20241231112143-eb3868488539/go.mod h1:BO2ysO5z5P/3B8toC7e2OIscE5UW87NDpMcB7aSje0c=
github.com/KIVUOS1999/easyLogs v1.0.0 h1:mQ5c2QBVk9WN+ta0vQfes7XD0YVJgcXnOzXyyBjNA/8=
github.com/KIVUOS1999/easyLogs v1.0.0/go.mod h1:AlTU2jnqQeqWx05Gt7RU7iWM5Alq5tXaNqf6ioxuCuM=
github.com/KIVUOS1999/file-uploader-db v0.0.0-20241231112812-d1998d3a7d75 h1:s5komQpfEVSv40szyeypme/qTIRsxFHT97tJ24dL5iw=
github.com/KIVUOS1999/file-uploader-db v0.0.0-20241231112812-d1998d3a7d75/go.mod h1:qO042mk89leEibVyGuGdzKE43p9i0GdshBsWvoFf3Cw=
github.com/google/uuid v1.6.0 h1:NIvaJDMOsjHA8n1jAhLSgzrAzy1Hgr+hNrb57e+94F0=
github.com/google/uuid v1.6.0/go.mod h1:TIyPZe4MgqvfeYDBFedMoGGpEw/LqOeaOT+nhxU+yHo=
github.com/gorilla/mux v1.8.1 h1:TuBL49tXwgrFYWhqrNgrUNEY92u81SPhu7sTdzQEiWY=
github.com/gorilla/mux v1.8.1/go.mod h1:AKf9I4AEqPTmMytcMc0KkNouC66V3BtZ4qD5fmWSiMQ=
github.com/joho/godotenv v1.5.1 h1:7eLL/+HRGLY0ldzfGMeQkb7vMd0as4CfYvUVzLqw0N0=
github.com/joho/godotenv v1.5.1/go.mod h1:f4LDr5Voq0i2e/R5DDNOoa2zzDfwtkZa6DnEwAbqwq4=
